# generated by rye
# use `rye lock` or `rye sync` to update this lockfile
#
# last locked with the following flags:
#   pre: false
#   features: []
#   all-features: false
#   with-sources: false

-e file:.
certifi==2024.2.2
    # via requests
cffi==1.16.0
    # via vosk
charset-normalizer==3.3.2
    # via requests
googleapis-common-protos==1.62.0
    # via viam-sdk
grpclib==0.4.7
    # via viam-sdk
h2==4.1.0
    # via grpclib
hpack==4.0.0
    # via h2
hyperframe==6.0.1
    # via h2
idna==3.6
    # via requests
multidict==6.0.5
    # via grpclib
pillow==10.2.0
    # via viam-sdk
protobuf==4.25.3
    # via googleapis-common-protos
    # via viam-sdk
pyaudio==0.2.14
    # via stt-vosk
pycparser==2.21
    # via cffi
pydub==0.25.1
    # via stt-vosk
requests==2.31.0
    # via speechrecognition
    # via vosk
setuptools==69.2.0
    # via stt-vosk
speech-service-api @ git+https://github.com/viam-labs/speech-service-api.git@cd37fc3316afcda58d1b4b590812a1005f54efdb
    # via stt-vosk
speechrecognition==3.10.1
    # via stt-vosk
srt==3.5.3
    # via vosk
tqdm==4.66.2
    # via vosk
typing-extensions==4.10.0
    # via speechrecognition
    # via viam-sdk
urllib3==2.2.1
    # via requests
viam-sdk==0.15.0
    # via speech-service-api
    # via stt-vosk
vosk==0.3.44
    # via stt-vosk
websockets==12.0
    # via vosk
